
Microsoft Visual Studio Solution File, Format Version 12.00
# Visual Studio Version 17
VisualStudioVersion = 17.0.31903.59
MinimumVisualStudioVersion = 10.0.40219.1
Project("{9A19103F-16F7-4668-BE54-9A1E7A4F7556}") = "Team121GBCapstoneProject", "Team121GBCapstoneProject\Team121GBCapstoneProject.csproj", "{2AA2C016-FCA0-4E24-AD7B-ADCF6F04EC49}"
EndProject
Project("{9A19103F-16F7-4668-BE54-9A1E7A4F7556}") = "Team121GBNUnitTest", "Team121GBNUinitTest\Team121GBNUnitTest.csproj", "{FF351014-1200-405E-8C5B-0F89D0D46ACA}"
EndProject
Project("{54A90642-561A-4BB1-A94E-469ADEE60C69}") = "Team121GBJestUnitTest", "Team121GBJestUnitTest\Team121GBJestUnitTest.esproj", "{857D89CF-2034-4418-8F0F-2991CB5037BF}"
EndProject
Global
	GlobalSection(SolutionConfigurationPlatforms) = preSolution
		Debug|Any CPU = Debug|Any CPU
		Release|Any CPU = Release|Any CPU
	EndGlobalSection
	GlobalSection(ProjectConfigurationPlatforms) = postSolution
		{2AA2C016-FCA0-4E24-AD7B-ADCF6F04EC49}.Debug|Any CPU.ActiveCfg = Debug|Any CPU
		{2AA2C016-FCA0-4E24-AD7B-ADCF6F04EC49}.Debug|Any CPU.Build.0 = Debug|Any CPU
		{2AA2C016-FCA0-4E24-AD7B-ADCF6F04EC49}.Release|Any CPU.ActiveCfg = Release|Any CPU
		{2AA2C016-FCA0-4E24-AD7B-ADCF6F04EC49}.Release|Any CPU.Build.0 = Release|Any CPU
		{FF351014-1200-405E-8C5B-0F89D0D46ACA}.Debug|Any CPU.ActiveCfg = Debug|Any CPU
		{FF351014-1200-405E-8C5B-0F89D0D46ACA}.Debug|Any CPU.Build.0 = Debug|Any CPU
		{FF351014-1200-405E-8C5B-0F89D0D46ACA}.Release|Any CPU.ActiveCfg = Release|Any CPU
		{FF351014-1200-405E-8C5B-0F89D0D46ACA}.Release|Any CPU.Build.0 = Release|Any CPU
		{857D89CF-2034-4418-8F0F-2991CB5037BF}.Debug|Any CPU.ActiveCfg = Debug|Any CPU
		{857D89CF-2034-4418-8F0F-2991CB5037BF}.Debug|Any CPU.Build.0 = Debug|Any CPU
		{857D89CF-2034-4418-8F0F-2991CB5037BF}.Debug|Any CPU.Deploy.0 = Debug|Any CPU
		{857D89CF-2034-4418-8F0F-2991CB5037BF}.Release|Any CPU.ActiveCfg = Release|Any CPU
		{857D89CF-2034-4418-8F0F-2991CB5037BF}.Release|Any CPU.Build.0 = Release|Any CPU
		{857D89CF-2034-4418-8F0F-2991CB5037BF}.Release|Any CPU.Deploy.0 = Release|Any CPU
	EndGlobalSection
	GlobalSection(SolutionProperties) = preSolution
		HideSolutionNode = FALSE
	EndGlobalSection
	GlobalSection(ExtensibilityGlobals) = postSolution
		SolutionGuid = {5198D8D2-EA28-46A4-99FE-01A599E11143}
	EndGlobalSection
EndGlobal
